
Microsoft Visual Studio Solution File, Format Version 12.00
# Visual Studio Version 17
VisualStudioVersion = 17.11.35312.102
MinimumVisualStudioVersion = 10.0.40219.1
Project("{2150E333-8FDC-42A3-9474-1A3956D46DE8}") = "Task0", "Task0", "{4BC24A80-FE16-48A4-BA9B-F0235EB48AC7}"
EndProject
Project("{9A19103F-16F7-4668-BE54-9A1E7A4F7556}") = "Tyuiu.KonevaDD.Sprint5.Task0.V23", "Tyuiu.KonevaDD.Sprint5.Task0.V23\Tyuiu.KonevaDD.Sprint5.Task0.V23.csproj", "{F7D3DD22-DE12-41CF-A5E4-1E568C708466}"
EndProject
Project("{9A19103F-16F7-4668-BE54-9A1E7A4F7556}") = "Tyuiu.KonevaDD.Sprint5.Task0.V23.Lib", "Tyuiu.KonevaDD.Sprint5.Task0.V23.Lib\Tyuiu.KonevaDD.Sprint5.Task0.V23.Lib.csproj", "{BA5B885C-6BD3-4918-B0C4-C1A0BC734E8C}"
EndProject
Project("{9A19103F-16F7-4668-BE54-9A1E7A4F7556}") = "Tyuiu.KonevaDD.Sprint5.Task0.V23.Test", "Tyuiu.KonevaDD.Sprint5.Task0.V23.Test\Tyuiu.KonevaDD.Sprint5.Task0.V23.Test.csproj", "{B3F39006-2561-4EB4-8B16-4094A1CD16E7}"
EndProject
Project("{2150E333-8FDC-42A3-9474-1A3956D46DE8}") = "Task1", "Task1", "{FC0F20F0-73D8-4697-85AA-28F8EC6C59E8}"
EndProject
Project("{9A19103F-16F7-4668-BE54-9A1E7A4F7556}") = "Tyuiu.KonevaDD.Sprint5.Task1.V8", "Tyuiu.KonevaDD.Sprint5.Task1.V8\Tyuiu.KonevaDD.Sprint5.Task1.V8.csproj", "{8E575732-2826-48B9-8D63-B4969369C061}"
EndProject
Project("{9A19103F-16F7-4668-BE54-9A1E7A4F7556}") = "Tyuiu.KonevaDD.Sprint5.Task1.V8.Lib", "Tyuiu.KonevaDD.Sprint5.Task1.V8.Lib\Tyuiu.KonevaDD.Sprint5.Task1.V8.Lib.csproj", "{B59BA18E-E782-4C59-B69E-1C673921E323}"
EndProject
Project("{9A19103F-16F7-4668-BE54-9A1E7A4F7556}") = "Tyuiu.KonevaDD.Sprint5.Task1.V8.Test", "Tyuiu.KonevaDD.Sprint5.Task1.V8.Test\Tyuiu.KonevaDD.Sprint5.Task1.V8.Test.csproj", "{D752B9F8-E738-413B-ACCF-2EEB6DAA3786}"
EndProject
Project("{2150E333-8FDC-42A3-9474-1A3956D46DE8}") = "Task2", "Task2", "{A3500F78-D098-4147-B3EF-01BCFD235429}"
EndProject
Project("{9A19103F-16F7-4668-BE54-9A1E7A4F7556}") = "Tyuiu.KonevaDD.Sprint5.Task2.V18", "Tyuiu.KonevaDD.Sprint5.Task2.V18\Tyuiu.KonevaDD.Sprint5.Task2.V18.csproj", "{2182F732-D119-4012-9D47-50E4E9C9C1CA}"
EndProject
Project("{9A19103F-16F7-4668-BE54-9A1E7A4F7556}") = "Tyuiu.KonevaDD.Sprint5.Task2.V18.Lib", "Tyuiu.KonevaDD.Sprint5.Task2.V18.Lib\Tyuiu.KonevaDD.Sprint5.Task2.V18.Lib.csproj", "{47F5CF76-8AD6-4CC7-9BA2-C67CCB326FA4}"
EndProject
Project("{9A19103F-16F7-4668-BE54-9A1E7A4F7556}") = "Tyuiu.KonevaDD.Sprint5.Task2.V18.Test", "Tyuiu.KonevaDD.Sprint5.Task2.V18.Test\Tyuiu.KonevaDD.Sprint5.Task2.V18.Test.csproj", "{9F96C1C5-8AAD-4760-9DF4-5AB62D011678}"
EndProject
Project("{2150E333-8FDC-42A3-9474-1A3956D46DE8}") = "Task3", "Task3", "{52256E91-F43E-46AA-931B-83F714732ABE}"
EndProject
Project("{9A19103F-16F7-4668-BE54-9A1E7A4F7556}") = "Tyuiu.KonevaDD.Sprint5.Task3.V22", "Tyuiu.KonevaDD.Sprint5.Task3.V22\Tyuiu.KonevaDD.Sprint5.Task3.V22.csproj", "{8CBB19B1-41D0-47BA-BBC8-44B1CB4DB098}"
EndProject
Project("{9A19103F-16F7-4668-BE54-9A1E7A4F7556}") = "Tyuiu.KonevaDD.Sprint5.Task3.V22.Lib", "Tyuiu.KonevaDD.Sprint5.Task3.V22.Lib\Tyuiu.KonevaDD.Sprint5.Task3.V22.Lib.csproj", "{CD90D95C-2032-4E1E-8AE4-62E5B4D1AAEE}"
EndProject
Project("{9A19103F-16F7-4668-BE54-9A1E7A4F7556}") = "Tyuiu.KonevaDD.Sprint5.Task3.V22.Test", "Tyuiu.KonevaDD.Sprint5.Task3.V22.Test\Tyuiu.KonevaDD.Sprint5.Task3.V22.Test.csproj", "{4956E920-3EAD-4293-881E-95C09DAB8B7C}"
EndProject
Project("{2150E333-8FDC-42A3-9474-1A3956D46DE8}") = "Task4", "Task4", "{3F083D26-EB49-4E7A-8286-395912019168}"
EndProject
Project("{9A19103F-16F7-4668-BE54-9A1E7A4F7556}") = "Tyuiu.KonevaDD.Sprint5.Task4.V14", "Tyuiu.KonevaDD.Sprint5.Task4.V14\Tyuiu.KonevaDD.Sprint5.Task4.V14.csproj", "{BD0DCB4B-417F-47B8-8BFF-C3426CB98881}"
EndProject
Project("{9A19103F-16F7-4668-BE54-9A1E7A4F7556}") = "Tyuiu.KonevaDD.Sprint5.Task4.V14.Lib", "Tyuiu.KonevaDD.Sprint5.Task4.V14.Lib\Tyuiu.KonevaDD.Sprint5.Task4.V14.Lib.csproj", "{4B798C0C-A4FE-4012-87DA-AA05893F5C23}"
EndProject
Project("{9A19103F-16F7-4668-BE54-9A1E7A4F7556}") = "Tyuiu.KonevaDD.Sprint5.Task4.V14.Test", "Tyuiu.KonevaDD.Sprint5.Task4.V14.Test\Tyuiu.KonevaDD.Sprint5.Task4.V14.Test.csproj", "{A3BAB54E-E463-497D-AD50-FEEF5B76B091}"
EndProject
Project("{2150E333-8FDC-42A3-9474-1A3956D46DE8}") = "Task5", "Task5", "{B8531EC2-7ED0-41FD-8CA8-1E8AE96C68DA}"
EndProject
Project("{9A19103F-16F7-4668-BE54-9A1E7A4F7556}") = "Tyuiu.KonevaDD.Sprint5.Task5.V15", "Tyuiu.KonevaDD.Sprint5.Task5.V15\Tyuiu.KonevaDD.Sprint5.Task5.V15.csproj", "{7D31D99A-68C6-46C0-878A-E49F2700A6C8}"
EndProject
Project("{9A19103F-16F7-4668-BE54-9A1E7A4F7556}") = "Tyuiu.KonevaDD.Sprint5.Task5.V15.Lib", "Tyuiu.KonevaDD.Sprint5.Task5.V15.Lib\Tyuiu.KonevaDD.Sprint5.Task5.V15.Lib.csproj", "{9EFFCD08-46E3-4F6E-89E2-EB6F166F40D5}"
EndProject
Project("{9A19103F-16F7-4668-BE54-9A1E7A4F7556}") = "Tyuiu.KonevaDD.Sprint5.Task5.V15.Test", "Tyuiu.KonevaDD.Sprint5.Task5.V15.Test\Tyuiu.KonevaDD.Sprint5.Task5.V15.Test.csproj", "{CB76B986-C144-46BD-A756-9B697A147AE5}"
EndProject
Project("{2150E333-8FDC-42A3-9474-1A3956D46DE8}") = "Task6", "Task6", "{7A0F146A-6633-455F-B3F0-95088EC64CF4}"
EndProject
Project("{FAE04EC0-301F-11D3-BF4B-00C04F79EFBC}") = "Tyuiu.KonevaDD.Sprint5.Task6.V25", "Tyuiu.KonevaDD.Sprint5.Task6.V25\Tyuiu.KonevaDD.Sprint5.Task6.V25.csproj", "{D5AD0D87-EC03-4F6D-B6F9-DF70DE6D8EB7}"
EndProject
Project("{FAE04EC0-301F-11D3-BF4B-00C04F79EFBC}") = "Tyuiu.KonevaDD.Sprint5.Task6.V25.Lib", "Tyuiu.KonevaDD.Sprint5.Task6.V25.Lib\Tyuiu.KonevaDD.Sprint5.Task6.V25.Lib.csproj", "{7889135C-7660-4A93-A4BC-C81F3081ECE0}"
EndProject
Project("{FAE04EC0-301F-11D3-BF4B-00C04F79EFBC}") = "Tyuiu.KonevaDD.Sprint5.Task6.V25.Test", "Tyuiu.KonevaDD.Sprint5.Task6.V25.Test\Tyuiu.KonevaDD.Sprint5.Task6.V25.Test.csproj", "{4BA8B971-8F04-4971-9F28-CDA8A97A234E}"
EndProject
Project("{2150E333-8FDC-42A3-9474-1A3956D46DE8}") = "Task7", "Task7", "{F97929EB-BE90-4C90-BEC5-51D20894EC19}"
EndProject
Project("{FAE04EC0-301F-11D3-BF4B-00C04F79EFBC}") = "Tyuiu.KonevaDD.Sprint5.Task7.V16", "Tyuiu.KonevaDD.Sprint5.Task7.V16\Tyuiu.KonevaDD.Sprint5.Task7.V16.csproj", "{C7DDEEAD-AEB1-481E-88B3-B4D8BA72D56F}"
EndProject
Project("{FAE04EC0-301F-11D3-BF4B-00C04F79EFBC}") = "Tyuiu.KonevaDD.Sprint5.Task7.V16.Lib", "Tyuiu.KonevaDD.Sprint5.Task7.V16.Lib\Tyuiu.KonevaDD.Sprint5.Task7.V16.Lib.csproj", "{1238D666-BD61-4AE1-86A1-ED109DF082FE}"
EndProject
Project("{FAE04EC0-301F-11D3-BF4B-00C04F79EFBC}") = "Tyuiu.KonevaDD.Sprint5.Task7.V16.Test", "Tyuiu.KonevaDD.Sprint5.Task7.V16.Test\Tyuiu.KonevaDD.Sprint5.Task7.V16.Test.csproj", "{AA78AA18-1725-43E5-A29E-54E99E328910}"
EndProject
Global
	GlobalSection(SolutionConfigurationPlatforms) = preSolution
		Debug|Any CPU = Debug|Any CPU
		Release|Any CPU = Release|Any CPU
	EndGlobalSection
	GlobalSection(ProjectConfigurationPlatforms) = postSolution
		{F7D3DD22-DE12-41CF-A5E4-1E568C708466}.Debug|Any CPU.ActiveCfg = Debug|Any CPU
		{F7D3DD22-DE12-41CF-A5E4-1E568C708466}.Debug|Any CPU.Build.0 = Debug|Any CPU
		{F7D3DD22-DE12-41CF-A5E4-1E568C708466}.Release|Any CPU.ActiveCfg = Release|Any CPU
		{F7D3DD22-DE12-41CF-A5E4-1E568C708466}.Release|Any CPU.Build.0 = Release|Any CPU
		{BA5B885C-6BD3-4918-B0C4-C1A0BC734E8C}.Debug|Any CPU.ActiveCfg = Debug|Any CPU
		{BA5B885C-6BD3-4918-B0C4-C1A0BC734E8C}.Debug|Any CPU.Build.0 = Debug|Any CPU
		{BA5B885C-6BD3-4918-B0C4-C1A0BC734E8C}.Release|Any CPU.ActiveCfg = Release|Any CPU
		{BA5B885C-6BD3-4918-B0C4-C1A0BC734E8C}.Release|Any CPU.Build.0 = Release|Any CPU
		{B3F39006-2561-4EB4-8B16-4094A1CD16E7}.Debug|Any CPU.ActiveCfg = Debug|Any CPU
		{B3F39006-2561-4EB4-8B16-4094A1CD16E7}.Debug|Any CPU.Build.0 = Debug|Any CPU
		{B3F39006-2561-4EB4-8B16-4094A1CD16E7}.Release|Any CPU.ActiveCfg = Release|Any CPU
		{B3F39006-2561-4EB4-8B16-4094A1CD16E7}.Release|Any CPU.Build.0 = Release|Any CPU
		{8E575732-2826-48B9-8D63-B4969369C061}.Debug|Any CPU.ActiveCfg = Debug|Any CPU
		{8E575732-2826-48B9-8D63-B4969369C061}.Debug|Any CPU.Build.0 = Debug|Any CPU
		{8E575732-2826-48B9-8D63-B4969369C061}.Release|Any CPU.ActiveCfg = Release|Any CPU
		{8E575732-2826-48B9-8D63-B4969369C061}.Release|Any CPU.Build.0 = Release|Any CPU
		{B59BA18E-E782-4C59-B69E-1C673921E323}.Debug|Any CPU.ActiveCfg = Debug|Any CPU
		{B59BA18E-E782-4C59-B69E-1C673921E323}.Debug|Any CPU.Build.0 = Debug|Any CPU
		{B59BA18E-E782-4C59-B69E-1C673921E323}.Release|Any CPU.ActiveCfg = Release|Any CPU
		{B59BA18E-E782-4C59-B69E-1C673921E323}.Release|Any CPU.Build.0 = Release|Any CPU
		{D752B9F8-E738-413B-ACCF-2EEB6DAA3786}.Debug|Any CPU.ActiveCfg = Debug|Any CPU
		{D752B9F8-E738-413B-ACCF-2EEB6DAA3786}.Debug|Any CPU.Build.0 = Debug|Any CPU
		{D752B9F8-E738-413B-ACCF-2EEB6DAA3786}.Release|Any CPU.ActiveCfg = Release|Any CPU
		{D752B9F8-E738-413B-ACCF-2EEB6DAA3786}.Release|Any CPU.Build.0 = Release|Any CPU
		{2182F732-D119-4012-9D47-50E4E9C9C1CA}.Debug|Any CPU.ActiveCfg = Debug|Any CPU
		{2182F732-D119-4012-9D47-50E4E9C9C1CA}.Debug|Any CPU.Build.0 = Debug|Any CPU
		{2182F732-D119-4012-9D47-50E4E9C9C1CA}.Release|Any CPU.ActiveCfg = Release|Any CPU
		{2182F732-D119-4012-9D47-50E4E9C9C1CA}.Release|Any CPU.Build.0 = Release|Any CPU
		{47F5CF76-8AD6-4CC7-9BA2-C67CCB326FA4}.Debug|Any CPU.ActiveCfg = Debug|Any CPU
		{47F5CF76-8AD6-4CC7-9BA2-C67CCB326FA4}.Debug|Any CPU.Build.0 = Debug|Any CPU
		{47F5CF76-8AD6-4CC7-9BA2-C67CCB326FA4}.Release|Any CPU.ActiveCfg = Release|Any CPU
		{47F5CF76-8AD6-4CC7-9BA2-C67CCB326FA4}.Release|Any CPU.Build.0 = Release|Any CPU
		{9F96C1C5-8AAD-4760-9DF4-5AB62D011678}.Debug|Any CPU.ActiveCfg = Debug|Any CPU
		{9F96C1C5-8AAD-4760-9DF4-5AB62D011678}.Debug|Any CPU.Build.0 = Debug|Any CPU
		{9F96C1C5-8AAD-4760-9DF4-5AB62D011678}.Release|Any CPU.ActiveCfg = Release|Any CPU
		{9F96C1C5-8AAD-4760-9DF4-5AB62D011678}.Release|Any CPU.Build.0 = Release|Any CPU
		{8CBB19B1-41D0-47BA-BBC8-44B1CB4DB098}.Debug|Any CPU.ActiveCfg = Debug|Any CPU
		{8CBB19B1-41D0-47BA-BBC8-44B1CB4DB098}.Debug|Any CPU.Build.0 = Debug|Any CPU
		{8CBB19B1-41D0-47BA-BBC8-44B1CB4DB098}.Release|Any CPU.ActiveCfg = Release|Any CPU
		{8CBB19B1-41D0-47BA-BBC8-44B1CB4DB098}.Release|Any CPU.Build.0 = Release|Any CPU
		{CD90D95C-2032-4E1E-8AE4-62E5B4D1AAEE}.Debug|Any CPU.ActiveCfg = Debug|Any CPU
		{CD90D95C-2032-4E1E-8AE4-62E5B4D1AAEE}.Debug|Any CPU.Build.0 = Debug|Any CPU
		{CD90D95C-2032-4E1E-8AE4-62E5B4D1AAEE}.Release|Any CPU.ActiveCfg = Release|Any CPU
		{CD90D95C-2032-4E1E-8AE4-62E5B4D1AAEE}.Release|Any CPU.Build.0 = Release|Any CPU
		{4956E920-3EAD-4293-881E-95C09DAB8B7C}.Debug|Any CPU.ActiveCfg = Debug|Any CPU
		{4956E920-3EAD-4293-881E-95C09DAB8B7C}.Debug|Any CPU.Build.0 = Debug|Any CPU
		{4956E920-3EAD-4293-881E-95C09DAB8B7C}.Release|Any CPU.ActiveCfg = Release|Any CPU
		{4956E920-3EAD-4293-881E-95C09DAB8B7C}.Release|Any CPU.Build.0 = Release|Any CPU
		{BD0DCB4B-417F-47B8-8BFF-C3426CB98881}.Debug|Any CPU.ActiveCfg = Debug|Any CPU
		{BD0DCB4B-417F-47B8-8BFF-C3426CB98881}.Debug|Any CPU.Build.0 = Debug|Any CPU
		{BD0DCB4B-417F-47B8-8BFF-C3426CB98881}.Release|Any CPU.ActiveCfg = Release|Any CPU
		{BD0DCB4B-417F-47B8-8BFF-C3426CB98881}.Release|Any CPU.Build.0 = Release|Any CPU
		{4B798C0C-A4FE-4012-87DA-AA05893F5C23}.Debug|Any CPU.ActiveCfg = Debug|Any CPU
		{4B798C0C-A4FE-4012-87DA-AA05893F5C23}.Debug|Any CPU.Build.0 = Debug|Any CPU
		{4B798C0C-A4FE-4012-87DA-AA05893F5C23}.Release|Any CPU.ActiveCfg = Release|Any CPU
		{4B798C0C-A4FE-4012-87DA-AA05893F5C23}.Release|Any CPU.Build.0 = Release|Any CPU
		{A3BAB54E-E463-497D-AD50-FEEF5B76B091}.Debug|Any CPU.ActiveCfg = Debug|Any CPU
		{A3BAB54E-E463-497D-AD50-FEEF5B76B091}.Debug|Any CPU.Build.0 = Debug|Any CPU
		{A3BAB54E-E463-497D-AD50-FEEF5B76B091}.Release|Any CPU.ActiveCfg = Release|Any CPU
		{A3BAB54E-E463-497D-AD50-FEEF5B76B091}.Release|Any CPU.Build.0 = Release|Any CPU
		{7D31D99A-68C6-46C0-878A-E49F2700A6C8}.Debug|Any CPU.ActiveCfg = Debug|Any CPU
		{7D31D99A-68C6-46C0-878A-E49F2700A6C8}.Debug|Any CPU.Build.0 = Debug|Any CPU
		{7D31D99A-68C6-46C0-878A-E49F2700A6C8}.Release|Any CPU.ActiveCfg = Release|Any CPU
		{7D31D99A-68C6-46C0-878A-E49F2700A6C8}.Release|Any CPU.Build.0 = Release|Any CPU
		{9EFFCD08-46E3-4F6E-89E2-EB6F166F40D5}.Debug|Any CPU.ActiveCfg = Debug|Any CPU
		{9EFFCD08-46E3-4F6E-89E2-EB6F166F40D5}.Debug|Any CPU.Build.0 = Debug|Any CPU
		{9EFFCD08-46E3-4F6E-89E2-EB6F166F40D5}.Release|Any CPU.ActiveCfg = Release|Any CPU
		{9EFFCD08-46E3-4F6E-89E2-EB6F166F40D5}.Release|Any CPU.Build.0 = Release|Any CPU
		{CB76B986-C144-46BD-A756-9B697A147AE5}.Debug|Any CPU.ActiveCfg = Debug|Any CPU
		{CB76B986-C144-46BD-A756-9B697A147AE5}.Debug|Any CPU.Build.0 = Debug|Any CPU
		{CB76B986-C144-46BD-A756-9B697A147AE5}.Release|Any CPU.ActiveCfg = Release|Any CPU
		{CB76B986-C144-46BD-A756-9B697A147AE5}.Release|Any CPU.Build.0 = Release|Any CPU
		{D5AD0D87-EC03-4F6D-B6F9-DF70DE6D8EB7}.Debug|Any CPU.ActiveCfg = Debug|Any CPU
		{D5AD0D87-EC03-4F6D-B6F9-DF70DE6D8EB7}.Debug|Any CPU.Build.0 = Debug|Any CPU
		{D5AD0D87-EC03-4F6D-B6F9-DF70DE6D8EB7}.Release|Any CPU.ActiveCfg = Release|Any CPU
		{D5AD0D87-EC03-4F6D-B6F9-DF70DE6D8EB7}.Release|Any CPU.Build.0 = Release|Any CPU
		{7889135C-7660-4A93-A4BC-C81F3081ECE0}.Debug|Any CPU.ActiveCfg = Debug|Any CPU
		{7889135C-7660-4A93-A4BC-C81F3081ECE0}.Debug|Any CPU.Build.0 = Debug|Any CPU
		{7889135C-7660-4A93-A4BC-C81F3081ECE0}.Release|Any CPU.ActiveCfg = Release|Any CPU
		{7889135C-7660-4A93-A4BC-C81F3081ECE0}.Release|Any CPU.Build.0 = Release|Any CPU
		{4BA8B971-8F04-4971-9F28-CDA8A97A234E}.Debug|Any CPU.ActiveCfg = Debug|Any CPU
		{4BA8B971-8F04-4971-9F28-CDA8A97A234E}.Debug|Any CPU.Build.0 = Debug|Any CPU
		{4BA8B971-8F04-4971-9F28-CDA8A97A234E}.Release|Any CPU.ActiveCfg = Release|Any CPU
		{4BA8B971-8F04-4971-9F28-CDA8A97A234E}.Release|Any CPU.Build.0 = Release|Any CPU
		{C7DDEEAD-AEB1-481E-88B3-B4D8BA72D56F}.Debug|Any CPU.ActiveCfg = Debug|Any CPU
		{C7DDEEAD-AEB1-481E-88B3-B4D8BA72D56F}.Debug|Any CPU.Build.0 = Debug|Any CPU
		{C7DDEEAD-AEB1-481E-88B3-B4D8BA72D56F}.Release|Any CPU.ActiveCfg = Release|Any CPU
		{C7DDEEAD-AEB1-481E-88B3-B4D8BA72D56F}.Release|Any CPU.Build.0 = Release|Any CPU
		{1238D666-BD61-4AE1-86A1-ED109DF082FE}.Debug|Any CPU.ActiveCfg = Debug|Any CPU
		{1238D666-BD61-4AE1-86A1-ED109DF082FE}.Debug|Any CPU.Build.0 = Debug|Any CPU
		{1238D666-BD61-4AE1-86A1-ED109DF082FE}.Release|Any CPU.ActiveCfg = Release|Any CPU
		{1238D666-BD61-4AE1-86A1-ED109DF082FE}.Release|Any CPU.Build.0 = Release|Any CPU
		{AA78AA18-1725-43E5-A29E-54E99E328910}.Debug|Any CPU.ActiveCfg = Debug|Any CPU
		{AA78AA18-1725-43E5-A29E-54E99E328910}.Debug|Any CPU.Build.0 = Debug|Any CPU
		{AA78AA18-1725-43E5-A29E-54E99E328910}.Release|Any CPU.ActiveCfg = Release|Any CPU
		{AA78AA18-1725-43E5-A29E-54E99E328910}.Release|Any CPU.Build.0 = Release|Any CPU
	EndGlobalSection
	GlobalSection(SolutionProperties) = preSolution
		HideSolutionNode = FALSE
	EndGlobalSection
	GlobalSection(NestedProjects) = preSolution
		{F7D3DD22-DE12-41CF-A5E4-1E568C708466} = {4BC24A80-FE16-48A4-BA9B-F0235EB48AC7}
		{BA5B885C-6BD3-4918-B0C4-C1A0BC734E8C} = {4BC24A80-FE16-48A4-BA9B-F0235EB48AC7}
		{B3F39006-2561-4EB4-8B16-4094A1CD16E7} = {4BC24A80-FE16-48A4-BA9B-F0235EB48AC7}
		{8E575732-2826-48B9-8D63-B4969369C061} = {FC0F20F0-73D8-4697-85AA-28F8EC6C59E8}
		{B59BA18E-E782-4C59-B69E-1C673921E323} = {FC0F20F0-73D8-4697-85AA-28F8EC6C59E8}
		{D752B9F8-E738-413B-ACCF-2EEB6DAA3786} = {FC0F20F0-73D8-4697-85AA-28F8EC6C59E8}
		{2182F732-D119-4012-9D47-50E4E9C9C1CA} = {A3500F78-D098-4147-B3EF-01BCFD235429}
		{47F5CF76-8AD6-4CC7-9BA2-C67CCB326FA4} = {A3500F78-D098-4147-B3EF-01BCFD235429}
		{9F96C1C5-8AAD-4760-9DF4-5AB62D011678} = {A3500F78-D098-4147-B3EF-01BCFD235429}
		{8CBB19B1-41D0-47BA-BBC8-44B1CB4DB098} = {52256E91-F43E-46AA-931B-83F714732ABE}
		{CD90D95C-2032-4E1E-8AE4-62E5B4D1AAEE} = {52256E91-F43E-46AA-931B-83F714732ABE}
		{4956E920-3EAD-4293-881E-95C09DAB8B7C} = {52256E91-F43E-46AA-931B-83F714732ABE}
		{BD0DCB4B-417F-47B8-8BFF-C3426CB98881} = {3F083D26-EB49-4E7A-8286-395912019168}
		{4B798C0C-A4FE-4012-87DA-AA05893F5C23} = {3F083D26-EB49-4E7A-8286-395912019168}
		{A3BAB54E-E463-497D-AD50-FEEF5B76B091} = {3F083D26-EB49-4E7A-8286-395912019168}
		{7D31D99A-68C6-46C0-878A-E49F2700A6C8} = {B8531EC2-7ED0-41FD-8CA8-1E8AE96C68DA}
		{9EFFCD08-46E3-4F6E-89E2-EB6F166F40D5} = {B8531EC2-7ED0-41FD-8CA8-1E8AE96C68DA}
		{CB76B986-C144-46BD-A756-9B697A147AE5} = {B8531EC2-7ED0-41FD-8CA8-1E8AE96C68DA}
		{D5AD0D87-EC03-4F6D-B6F9-DF70DE6D8EB7} = {7A0F146A-6633-455F-B3F0-95088EC64CF4}
		{7889135C-7660-4A93-A4BC-C81F3081ECE0} = {7A0F146A-6633-455F-B3F0-95088EC64CF4}
		{4BA8B971-8F04-4971-9F28-CDA8A97A234E} = {7A0F146A-6633-455F-B3F0-95088EC64CF4}
		{C7DDEEAD-AEB1-481E-88B3-B4D8BA72D56F} = {F97929EB-BE90-4C90-BEC5-51D20894EC19}
		{1238D666-BD61-4AE1-86A1-ED109DF082FE} = {F97929EB-BE90-4C90-BEC5-51D20894EC19}
		{AA78AA18-1725-43E5-A29E-54E99E328910} = {F97929EB-BE90-4C90-BEC5-51D20894EC19}
	EndGlobalSection
	GlobalSection(ExtensibilityGlobals) = postSolution
		SolutionGuid = {9C992A52-8390-4C0A-8249-E2205BB1CB8F}
	EndGlobalSection
EndGlobal
